// !$*UTF8*$!
{
	archiveVersion = 1;
	classes = {
	};
	objectVersion = 46;
	objects = {

/* Begin PBXBuildFile section */
		3C4D19201AE0D6C100613CAB /* AppDelegate.swift in Sources */ = {isa = PBXBuildFile; fileRef = 3C4D191F1AE0D6C100613CAB /* AppDelegate.swift */; };
		3C4D19221AE0D6C100613CAB /* LandingViewController.swift in Sources */ = {isa = PBXBuildFile; fileRef = 3C4D19211AE0D6C100613CAB /* LandingViewController.swift */; };
		3C4D19251AE0D6C100613CAB /* Main.storyboard in Resources */ = {isa = PBXBuildFile; fileRef = 3C4D19231AE0D6C100613CAB /* Main.storyboard */; };
		3C4D19271AE0D6C100613CAB /* Images.xcassets in Resources */ = {isa = PBXBuildFile; fileRef = 3C4D19261AE0D6C100613CAB /* Images.xcassets */; };
		3C4D192A1AE0D6C100613CAB /* LaunchScreen.xib in Resources */ = {isa = PBXBuildFile; fileRef = 3C4D19281AE0D6C100613CAB /* LaunchScreen.xib */; };
		3C4D19361AE0D6C100613CAB /* PicQurateTests.swift in Sources */ = {isa = PBXBuildFile; fileRef = 3C4D19351AE0D6C100613CAB /* PicQurateTests.swift */; };
		3C56922F1AE9F736006FA95D /* AVImageView.swift in Sources */ = {isa = PBXBuildFile; fileRef = 3C56922E1AE9F736006FA95D /* AVImageView.swift */; };
		3C5692311AE9F772006FA95D /* PQLog.swift in Sources */ = {isa = PBXBuildFile; fileRef = 3C5692301AE9F772006FA95D /* PQLog.swift */; };
		3C5692331AE9FFD6006FA95D /* LoginViewController.swift in Sources */ = {isa = PBXBuildFile; fileRef = 3C5692321AE9FFD6006FA95D /* LoginViewController.swift */; };
		3C59ED7B1AE7EC1300383EF0 /* FBSDKLoginKit.framework in Frameworks */ = {isa = PBXBuildFile; fileRef = 3C59ED7A1AE7EC1300383EF0 /* FBSDKLoginKit.framework */; };
		3C84E6B51AE922E50056C1B8 /* TPKeyboardAvoidingCollectionView.m in Sources */ = {isa = PBXBuildFile; fileRef = 3C84E6AE1AE922E50056C1B8 /* TPKeyboardAvoidingCollectionView.m */; };
		3C84E6B61AE922E50056C1B8 /* TPKeyboardAvoidingScrollView.m in Sources */ = {isa = PBXBuildFile; fileRef = 3C84E6B01AE922E50056C1B8 /* TPKeyboardAvoidingScrollView.m */; };
		3C84E6B71AE922E50056C1B8 /* TPKeyboardAvoidingTableView.m in Sources */ = {isa = PBXBuildFile; fileRef = 3C84E6B21AE922E50056C1B8 /* TPKeyboardAvoidingTableView.m */; };
		3C84E6B81AE922E50056C1B8 /* UIScrollView+TPKeyboardAvoidingAdditions.m in Sources */ = {isa = PBXBuildFile; fileRef = 3C84E6B41AE922E50056C1B8 /* UIScrollView+TPKeyboardAvoidingAdditions.m */; };
		3C84E6BD1AE9D0880056C1B8 /* CFNetwork.framework in Frameworks */ = {isa = PBXBuildFile; fileRef = 3C84E6BC1AE9D0880056C1B8 /* CFNetwork.framework */; };
		3C87F7F71AE8C31400C9E172 /* PQUser.swift in Sources */ = {isa = PBXBuildFile; fileRef = 3C87F7F61AE8C31400C9E172 /* PQUser.swift */; };
		3C87F7FA1AE8C42100C9E172 /* PQ.swift in Sources */ = {isa = PBXBuildFile; fileRef = 3C87F7F91AE8C42100C9E172 /* PQ.swift */; };
		3C87F7FD1AE8C57F00C9E172 /* Bolts.framework in Frameworks */ = {isa = PBXBuildFile; fileRef = 3C87F7FC1AE8C57F00C9E172 /* Bolts.framework */; };
		3C87F7FF1AE8C90300C9E172 /* SystemConfiguration.framework in Frameworks */ = {isa = PBXBuildFile; fileRef = 3C87F7FE1AE8C90300C9E172 /* SystemConfiguration.framework */; };
		3C87F8001AE8C90800C9E172 /* MobileCoreServices.framework in Frameworks */ = {isa = PBXBuildFile; fileRef = 3C5FD83A1AE7945F001F86F0 /* MobileCoreServices.framework */; };
		3C87F8021AE8C90E00C9E172 /* CoreTelephony.framework in Frameworks */ = {isa = PBXBuildFile; fileRef = 3C87F8011AE8C90E00C9E172 /* CoreTelephony.framework */; };
		3C87F8041AE8C91300C9E172 /* CoreLocation.framework in Frameworks */ = {isa = PBXBuildFile; fileRef = 3C87F8031AE8C91300C9E172 /* CoreLocation.framework */; };
		3CB3F1711AE7A47000BADB8C /* AVOSCloud.framework in Frameworks */ = {isa = PBXBuildFile; fileRef = 3CB3F16F1AE7A47000BADB8C /* AVOSCloud.framework */; };
		3CB3F1721AE7A47000BADB8C /* AVOSCloudSNS.framework in Frameworks */ = {isa = PBXBuildFile; fileRef = 3CB3F1701AE7A47000BADB8C /* AVOSCloudSNS.framework */; };
		3CB3F1751AE7E6CC00BADB8C /* FBSDKCoreKit.framework in Frameworks */ = {isa = PBXBuildFile; fileRef = 3CB3F1741AE7E6CC00BADB8C /* FBSDKCoreKit.framework */; };
		3CB7B7FB1AE8FDA000FBC677 /* libicucore.dylib in Frameworks */ = {isa = PBXBuildFile; fileRef = 3C87F8051AE8C91D00C9E172 /* libicucore.dylib */; };
		3CB7B7FD1AE90C2B00FBC677 /* SignupViewController.swift in Sources */ = {isa = PBXBuildFile; fileRef = 3CB7B7FC1AE90C2B00FBC677 /* SignupViewController.swift */; };
/* End PBXBuildFile section */

/* Begin PBXContainerItemProxy section */
		3C4D19301AE0D6C100613CAB /* PBXContainerItemProxy */ = {
			isa = PBXContainerItemProxy;
			containerPortal = 3C4D19121AE0D6C100613CAB /* Project object */;
			proxyType = 1;
			remoteGlobalIDString = 3C4D19191AE0D6C100613CAB;
			remoteInfo = PicQurate;
		};
/* End PBXContainerItemProxy section */

/* Begin PBXFileReference section */
		3C4D191A1AE0D6C100613CAB /* PicQurate.app */ = {isa = PBXFileReference; explicitFileType = wrapper.application; includeInIndex = 0; path = PicQurate.app; sourceTree = BUILT_PRODUCTS_DIR; };
		3C4D191E1AE0D6C100613CAB /* Info.plist */ = {isa = PBXFileReference; lastKnownFileType = text.plist.xml; path = Info.plist; sourceTree = "<group>"; };
		3C4D191F1AE0D6C100613CAB /* AppDelegate.swift */ = {isa = PBXFileReference; lastKnownFileType = sourcecode.swift; path = AppDelegate.swift; sourceTree = "<group>"; };
		3C4D19211AE0D6C100613CAB /* LandingViewController.swift */ = {isa = PBXFileReference; lastKnownFileType = sourcecode.swift; path = LandingViewController.swift; sourceTree = "<group>"; };
		3C4D19241AE0D6C100613CAB /* Base */ = {isa = PBXFileReference; lastKnownFileType = file.storyboard; name = Base; path = Base.lproj/Main.storyboard; sourceTree = "<group>"; };
		3C4D19261AE0D6C100613CAB /* Images.xcassets */ = {isa = PBXFileReference; lastKnownFileType = folder.assetcatalog; path = Images.xcassets; sourceTree = "<group>"; };
		3C4D19291AE0D6C100613CAB /* Base */ = {isa = PBXFileReference; lastKnownFileType = file.xib; name = Base; path = Base.lproj/LaunchScreen.xib; sourceTree = "<group>"; };
		3C4D192F1AE0D6C100613CAB /* PicQurateTests.xctest */ = {isa = PBXFileReference; explicitFileType = wrapper.cfbundle; includeInIndex = 0; path = PicQurateTests.xctest; sourceTree = BUILT_PRODUCTS_DIR; };
		3C4D19341AE0D6C100613CAB /* Info.plist */ = {isa = PBXFileReference; lastKnownFileType = text.plist.xml; path = Info.plist; sourceTree = "<group>"; };
		3C4D19351AE0D6C100613CAB /* PicQurateTests.swift */ = {isa = PBXFileReference; lastKnownFileType = sourcecode.swift; path = PicQurateTests.swift; sourceTree = "<group>"; };
		3C56922E1AE9F736006FA95D /* AVImageView.swift */ = {isa = PBXFileReference; fileEncoding = 4; lastKnownFileType = sourcecode.swift; name = AVImageView.swift; path = objects/AVImageView.swift; sourceTree = "<group>"; };
		3C5692301AE9F772006FA95D /* PQLog.swift */ = {isa = PBXFileReference; fileEncoding = 4; lastKnownFileType = sourcecode.swift; name = PQLog.swift; path = objects/PQLog.swift; sourceTree = "<group>"; };
		3C5692321AE9FFD6006FA95D /* LoginViewController.swift */ = {isa = PBXFileReference; fileEncoding = 4; lastKnownFileType = sourcecode.swift; path = LoginViewController.swift; sourceTree = "<group>"; };
		3C59ED7A1AE7EC1300383EF0 /* FBSDKLoginKit.framework */ = {isa = PBXFileReference; lastKnownFileType = wrapper.framework; path = FBSDKLoginKit.framework; sourceTree = "<group>"; };
		3C5FD83A1AE7945F001F86F0 /* MobileCoreServices.framework */ = {isa = PBXFileReference; lastKnownFileType = wrapper.framework; name = MobileCoreServices.framework; path = System/Library/Frameworks/MobileCoreServices.framework; sourceTree = SDKROOT; };
		3C5FD83E1AE7A27A001F86F0 /* PicQurate-Bridging-Header.h */ = {isa = PBXFileReference; lastKnownFileType = sourcecode.c.h; path = "PicQurate-Bridging-Header.h"; sourceTree = "<group>"; };
		3C84E6AD1AE922E50056C1B8 /* TPKeyboardAvoidingCollectionView.h */ = {isa = PBXFileReference; fileEncoding = 4; lastKnownFileType = sourcecode.c.h; path = TPKeyboardAvoidingCollectionView.h; sourceTree = "<group>"; };
		3C84E6AE1AE922E50056C1B8 /* TPKeyboardAvoidingCollectionView.m */ = {isa = PBXFileReference; fileEncoding = 4; lastKnownFileType = sourcecode.c.objc; path = TPKeyboardAvoidingCollectionView.m; sourceTree = "<group>"; };
		3C84E6AF1AE922E50056C1B8 /* TPKeyboardAvoidingScrollView.h */ = {isa = PBXFileReference; fileEncoding = 4; lastKnownFileType = sourcecode.c.h; path = TPKeyboardAvoidingScrollView.h; sourceTree = "<group>"; };
		3C84E6B01AE922E50056C1B8 /* TPKeyboardAvoidingScrollView.m */ = {isa = PBXFileReference; fileEncoding = 4; lastKnownFileType = sourcecode.c.objc; path = TPKeyboardAvoidingScrollView.m; sourceTree = "<group>"; };
		3C84E6B11AE922E50056C1B8 /* TPKeyboardAvoidingTableView.h */ = {isa = PBXFileReference; fileEncoding = 4; lastKnownFileType = sourcecode.c.h; path = TPKeyboardAvoidingTableView.h; sourceTree = "<group>"; };
		3C84E6B21AE922E50056C1B8 /* TPKeyboardAvoidingTableView.m */ = {isa = PBXFileReference; fileEncoding = 4; lastKnownFileType = sourcecode.c.objc; path = TPKeyboardAvoidingTableView.m; sourceTree = "<group>"; };
		3C84E6B31AE922E50056C1B8 /* UIScrollView+TPKeyboardAvoidingAdditions.h */ = {isa = PBXFileReference; fileEncoding = 4; lastKnownFileType = sourcecode.c.h; path = "UIScrollView+TPKeyboardAvoidingAdditions.h"; sourceTree = "<group>"; };
		3C84E6B41AE922E50056C1B8 /* UIScrollView+TPKeyboardAvoidingAdditions.m */ = {isa = PBXFileReference; fileEncoding = 4; lastKnownFileType = sourcecode.c.objc; path = "UIScrollView+TPKeyboardAvoidingAdditions.m"; sourceTree = "<group>"; };
		3C84E6BC1AE9D0880056C1B8 /* CFNetwork.framework */ = {isa = PBXFileReference; lastKnownFileType = wrapper.framework; name = CFNetwork.framework; path = System/Library/Frameworks/CFNetwork.framework; sourceTree = SDKROOT; };
		3C87F7F61AE8C31400C9E172 /* PQUser.swift */ = {isa = PBXFileReference; fileEncoding = 4; lastKnownFileType = sourcecode.swift; name = PQUser.swift; path = objects/PQUser.swift; sourceTree = "<group>"; };
		3C87F7F91AE8C42100C9E172 /* PQ.swift */ = {isa = PBXFileReference; fileEncoding = 4; lastKnownFileType = sourcecode.swift; path = PQ.swift; sourceTree = "<group>"; };
		3C87F7FC1AE8C57F00C9E172 /* Bolts.framework */ = {isa = PBXFileReference; lastKnownFileType = wrapper.framework; path = Bolts.framework; sourceTree = "<group>"; };
		3C87F7FE1AE8C90300C9E172 /* SystemConfiguration.framework */ = {isa = PBXFileReference; lastKnownFileType = wrapper.framework; name = SystemConfiguration.framework; path = System/Library/Frameworks/SystemConfiguration.framework; sourceTree = SDKROOT; };
		3C87F8011AE8C90E00C9E172 /* CoreTelephony.framework */ = {isa = PBXFileReference; lastKnownFileType = wrapper.framework; name = CoreTelephony.framework; path = System/Library/Frameworks/CoreTelephony.framework; sourceTree = SDKROOT; };
		3C87F8031AE8C91300C9E172 /* CoreLocation.framework */ = {isa = PBXFileReference; lastKnownFileType = wrapper.framework; name = CoreLocation.framework; path = System/Library/Frameworks/CoreLocation.framework; sourceTree = SDKROOT; };
		3C87F8051AE8C91D00C9E172 /* libicucore.dylib */ = {isa = PBXFileReference; lastKnownFileType = "compiled.mach-o.dylib"; name = libicucore.dylib; path = usr/lib/libicucore.dylib; sourceTree = SDKROOT; };
		3CB3F16F1AE7A47000BADB8C /* AVOSCloud.framework */ = {isa = PBXFileReference; lastKnownFileType = wrapper.framework; path = AVOSCloud.framework; sourceTree = "<group>"; };
		3CB3F1701AE7A47000BADB8C /* AVOSCloudSNS.framework */ = {isa = PBXFileReference; lastKnownFileType = wrapper.framework; path = AVOSCloudSNS.framework; sourceTree = "<group>"; };
		3CB3F1741AE7E6CC00BADB8C /* FBSDKCoreKit.framework */ = {isa = PBXFileReference; lastKnownFileType = wrapper.framework; path = FBSDKCoreKit.framework; sourceTree = "<group>"; };
		3CB7B7FC1AE90C2B00FBC677 /* SignupViewController.swift */ = {isa = PBXFileReference; fileEncoding = 4; lastKnownFileType = sourcecode.swift; path = SignupViewController.swift; sourceTree = "<group>"; };
/* End PBXFileReference section */

/* Begin PBXFrameworksBuildPhase section */
		3C4D19171AE0D6C100613CAB /* Frameworks */ = {
			isa = PBXFrameworksBuildPhase;
			buildActionMask = 2147483647;
			files = (
				3C84E6BD1AE9D0880056C1B8 /* CFNetwork.framework in Frameworks */,
				3CB7B7FB1AE8FDA000FBC677 /* libicucore.dylib in Frameworks */,
				3C87F8041AE8C91300C9E172 /* CoreLocation.framework in Frameworks */,
				3C87F8021AE8C90E00C9E172 /* CoreTelephony.framework in Frameworks */,
				3C87F8001AE8C90800C9E172 /* MobileCoreServices.framework in Frameworks */,
				3C87F7FF1AE8C90300C9E172 /* SystemConfiguration.framework in Frameworks */,
				3C87F7FD1AE8C57F00C9E172 /* Bolts.framework in Frameworks */,
				3CB3F1751AE7E6CC00BADB8C /* FBSDKCoreKit.framework in Frameworks */,
				3C59ED7B1AE7EC1300383EF0 /* FBSDKLoginKit.framework in Frameworks */,
				3CB3F1711AE7A47000BADB8C /* AVOSCloud.framework in Frameworks */,
				3CB3F1721AE7A47000BADB8C /* AVOSCloudSNS.framework in Frameworks */,
			);
			runOnlyForDeploymentPostprocessing = 0;
		};
		3C4D192C1AE0D6C100613CAB /* Frameworks */ = {
			isa = PBXFrameworksBuildPhase;
			buildActionMask = 2147483647;
			files = (
			);
			runOnlyForDeploymentPostprocessing = 0;
		};
/* End PBXFrameworksBuildPhase section */

/* Begin PBXGroup section */
		3C4D19111AE0D6C100613CAB = {
			isa = PBXGroup;
			children = (
				3C84E6BC1AE9D0880056C1B8 /* CFNetwork.framework */,
				3C4D191C1AE0D6C100613CAB /* PicQurate */,
				3C4D19321AE0D6C100613CAB /* PicQurateTests */,
				3C4D191B1AE0D6C100613CAB /* Products */,
			);
			sourceTree = "<group>";
		};
		3C4D191B1AE0D6C100613CAB /* Products */ = {
			isa = PBXGroup;
			children = (
				3C4D191A1AE0D6C100613CAB /* PicQurate.app */,
				3C4D192F1AE0D6C100613CAB /* PicQurateTests.xctest */,
			);
			name = Products;
			sourceTree = "<group>";
		};
		3C4D191C1AE0D6C100613CAB /* PicQurate */ = {
			isa = PBXGroup;
			children = (
				3C4D191F1AE0D6C100613CAB /* AppDelegate.swift */,
				3C87F7F91AE8C42100C9E172 /* PQ.swift */,
				3C84E6AC1AE922E50056C1B8 /* TPKeyboardAvoiding */,
				3C87F7FB1AE8C42600C9E172 /* ViewControllers */,
				3C87F7F81AE8C31900C9E172 /* objects */,
				3C4D19231AE0D6C100613CAB /* Main.storyboard */,
				3C4D19261AE0D6C100613CAB /* Images.xcassets */,
				3C4D19281AE0D6C100613CAB /* LaunchScreen.xib */,
				3C4D191D1AE0D6C100613CAB /* Supporting Files */,
				3C5FD83E1AE7A27A001F86F0 /* PicQurate-Bridging-Header.h */,
			);
			path = PicQurate;
			sourceTree = "<group>";
		};
		3C4D191D1AE0D6C100613CAB /* Supporting Files */ = {
			isa = PBXGroup;
			children = (
				3C87F8051AE8C91D00C9E172 /* libicucore.dylib */,
				3C87F8031AE8C91300C9E172 /* CoreLocation.framework */,
				3C87F8011AE8C90E00C9E172 /* CoreTelephony.framework */,
				3C87F7FE1AE8C90300C9E172 /* SystemConfiguration.framework */,
				3C87F7FC1AE8C57F00C9E172 /* Bolts.framework */,
				3CB3F16F1AE7A47000BADB8C /* AVOSCloud.framework */,
				3CB3F1701AE7A47000BADB8C /* AVOSCloudSNS.framework */,
				3CB3F1741AE7E6CC00BADB8C /* FBSDKCoreKit.framework */,
				3C59ED7A1AE7EC1300383EF0 /* FBSDKLoginKit.framework */,
				3C5FD83A1AE7945F001F86F0 /* MobileCoreServices.framework */,
				3C4D191E1AE0D6C100613CAB /* Info.plist */,
			);
			name = "Supporting Files";
			sourceTree = "<group>";
		};
		3C4D19321AE0D6C100613CAB /* PicQurateTests */ = {
			isa = PBXGroup;
			children = (
				3C4D19351AE0D6C100613CAB /* PicQurateTests.swift */,
				3C4D19331AE0D6C100613CAB /* Supporting Files */,
			);
			path = PicQurateTests;
			sourceTree = "<group>";
		};
		3C4D19331AE0D6C100613CAB /* Supporting Files */ = {
			isa = PBXGroup;
			children = (
				3C4D19341AE0D6C100613CAB /* Info.plist */,
			);
			name = "Supporting Files";
			sourceTree = "<group>";
		};
		3C84E6AC1AE922E50056C1B8 /* TPKeyboardAvoiding */ = {
			isa = PBXGroup;
			children = (
				3C84E6AD1AE922E50056C1B8 /* TPKeyboardAvoidingCollectionView.h */,
				3C84E6AE1AE922E50056C1B8 /* TPKeyboardAvoidingCollectionView.m */,
				3C84E6AF1AE922E50056C1B8 /* TPKeyboardAvoidingScrollView.h */,
				3C84E6B01AE922E50056C1B8 /* TPKeyboardAvoidingScrollView.m */,
				3C84E6B11AE922E50056C1B8 /* TPKeyboardAvoidingTableView.h */,
				3C84E6B21AE922E50056C1B8 /* TPKeyboardAvoidingTableView.m */,
				3C84E6B31AE922E50056C1B8 /* UIScrollView+TPKeyboardAvoidingAdditions.h */,
				3C84E6B41AE922E50056C1B8 /* UIScrollView+TPKeyboardAvoidingAdditions.m */,
			);
			path = TPKeyboardAvoiding;
			sourceTree = "<group>";
		};
		3C87F7F81AE8C31900C9E172 /* objects */ = {
			isa = PBXGroup;
			children = (
				3C56922E1AE9F736006FA95D /* AVImageView.swift */,
				3C5692301AE9F772006FA95D /* PQLog.swift */,
				3C87F7F61AE8C31400C9E172 /* PQUser.swift */,
			);
			name = objects;
			sourceTree = "<group>";
		};
		3C87F7FB1AE8C42600C9E172 /* ViewControllers */ = {
			isa = PBXGroup;
			children = (
				3C4D19211AE0D6C100613CAB /* LandingViewController.swift */,
				3C5692321AE9FFD6006FA95D /* LoginViewController.swift */,
				3CB7B7FC1AE90C2B00FBC677 /* SignupViewController.swift */,
			);
			name = ViewControllers;
			sourceTree = "<group>";
		};
/* End PBXGroup section */

/* Begin PBXNativeTarget section */
		3C4D19191AE0D6C100613CAB /* PicQurate */ = {
			isa = PBXNativeTarget;
			buildConfigurationList = 3C4D19391AE0D6C100613CAB /* Build configuration list for PBXNativeTarget "PicQurate" */;
			buildPhases = (
				3C4D19161AE0D6C100613CAB /* Sources */,
				3C4D19171AE0D6C100613CAB /* Frameworks */,
				3C4D19181AE0D6C100613CAB /* Resources */,
			);
			buildRules = (
			);
			dependencies = (
			);
			name = PicQurate;
			productName = PicQurate;
			productReference = 3C4D191A1AE0D6C100613CAB /* PicQurate.app */;
			productType = "com.apple.product-type.application";
		};
		3C4D192E1AE0D6C100613CAB /* PicQurateTests */ = {
			isa = PBXNativeTarget;
			buildConfigurationList = 3C4D193C1AE0D6C100613CAB /* Build configuration list for PBXNativeTarget "PicQurateTests" */;
			buildPhases = (
				3C4D192B1AE0D6C100613CAB /* Sources */,
				3C4D192C1AE0D6C100613CAB /* Frameworks */,
				3C4D192D1AE0D6C100613CAB /* Resources */,
			);
			buildRules = (
			);
			dependencies = (
				3C4D19311AE0D6C100613CAB /* PBXTargetDependency */,
			);
			name = PicQurateTests;
			productName = PicQurateTests;
			productReference = 3C4D192F1AE0D6C100613CAB /* PicQurateTests.xctest */;
			productType = "com.apple.product-type.bundle.unit-test";
		};
/* End PBXNativeTarget section */

/* Begin PBXProject section */
		3C4D19121AE0D6C100613CAB /* Project object */ = {
			isa = PBXProject;
			attributes = {
				LastUpgradeCheck = 0630;
				ORGANIZATIONNAME = "SK8 PTY LTD";
				TargetAttributes = {
					3C4D19191AE0D6C100613CAB = {
						CreatedOnToolsVersion = 6.3;
					};
					3C4D192E1AE0D6C100613CAB = {
						CreatedOnToolsVersion = 6.3;
						TestTargetID = 3C4D19191AE0D6C100613CAB;
					};
				};
			};
			buildConfigurationList = 3C4D19151AE0D6C100613CAB /* Build configuration list for PBXProject "PicQurate" */;
			compatibilityVersion = "Xcode 3.2";
			developmentRegion = English;
			hasScannedForEncodings = 0;
			knownRegions = (
				en,
				Base,
			);
			mainGroup = 3C4D19111AE0D6C100613CAB;
			productRefGroup = 3C4D191B1AE0D6C100613CAB /* Products */;
			projectDirPath = "";
			projectRoot = "";
			targets = (
				3C4D19191AE0D6C100613CAB /* PicQurate */,
				3C4D192E1AE0D6C100613CAB /* PicQurateTests */,
			);
		};
/* End PBXProject section */

/* Begin PBXResourcesBuildPhase section */
		3C4D19181AE0D6C100613CAB /* Resources */ = {
			isa = PBXResourcesBuildPhase;
			buildActionMask = 2147483647;
			files = (
				3C4D19251AE0D6C100613CAB /* Main.storyboard in Resources */,
				3C4D192A1AE0D6C100613CAB /* LaunchScreen.xib in Resources */,
				3C4D19271AE0D6C100613CAB /* Images.xcassets in Resources */,
			);
			runOnlyForDeploymentPostprocessing = 0;
		};
		3C4D192D1AE0D6C100613CAB /* Resources */ = {
			isa = PBXResourcesBuildPhase;
			buildActionMask = 2147483647;
			files = (
			);
			runOnlyForDeploymentPostprocessing = 0;
		};
/* End PBXResourcesBuildPhase section */

/* Begin PBXSourcesBuildPhase section */
		3C4D19161AE0D6C100613CAB /* Sources */ = {
			isa = PBXSourcesBuildPhase;
			buildActionMask = 2147483647;
			files = (
				3C5692331AE9FFD6006FA95D /* LoginViewController.swift in Sources */,
				3C84E6B61AE922E50056C1B8 /* TPKeyboardAvoidingScrollView.m in Sources */,
				3C56922F1AE9F736006FA95D /* AVImageView.swift in Sources */,
				3C84E6B71AE922E50056C1B8 /* TPKeyboardAvoidingTableView.m in Sources */,
				3C87F7FA1AE8C42100C9E172 /* PQ.swift in Sources */,
				3C4D19221AE0D6C100613CAB /* LandingViewController.swift in Sources */,
				3C5692311AE9F772006FA95D /* PQLog.swift in Sources */,
				3C84E6B81AE922E50056C1B8 /* UIScrollView+TPKeyboardAvoidingAdditions.m in Sources */,
				3C87F7F71AE8C31400C9E172 /* PQUser.swift in Sources */,
				3C4D19201AE0D6C100613CAB /* AppDelegate.swift in Sources */,
				3C84E6B51AE922E50056C1B8 /* TPKeyboardAvoidingCollectionView.m in Sources */,
				3CB7B7FD1AE90C2B00FBC677 /* SignupViewController.swift in Sources */,
			);
			runOnlyForDeploymentPostprocessing = 0;
		};
		3C4D192B1AE0D6C100613CAB /* Sources */ = {
			isa = PBXSourcesBuildPhase;
			buildActionMask = 2147483647;
			files = (
				3C4D19361AE0D6C100613CAB /* PicQurateTests.swift in Sources */,
			);
			runOnlyForDeploymentPostprocessing = 0;
		};
/* End PBXSourcesBuildPhase section */

/* Begin PBXTargetDependency section */
		3C4D19311AE0D6C100613CAB /* PBXTargetDependency */ = {
			isa = PBXTargetDependency;
			target = 3C4D19191AE0D6C100613CAB /* PicQurate */;
			targetProxy = 3C4D19301AE0D6C100613CAB /* PBXContainerItemProxy */;
		};
/* End PBXTargetDependency section */

/* Begin PBXVariantGroup section */
		3C4D19231AE0D6C100613CAB /* Main.storyboard */ = {
			isa = PBXVariantGroup;
			children = (
				3C4D19241AE0D6C100613CAB /* Base */,
			);
			name = Main.storyboard;
			sourceTree = "<group>";
		};
		3C4D19281AE0D6C100613CAB /* LaunchScreen.xib */ = {
			isa = PBXVariantGroup;
			children = (
				3C4D19291AE0D6C100613CAB /* Base */,
			);
			name = LaunchScreen.xib;
			sourceTree = "<group>";
		};
/* End PBXVariantGroup section */

/* Begin XCBuildConfiguration section */
		3C4D19371AE0D6C100613CAB /* Debug */ = {
			isa = XCBuildConfiguration;
			buildSettings = {
				ALWAYS_SEARCH_USER_PATHS = NO;
				CLANG_CXX_LANGUAGE_STANDARD = "gnu++0x";
				CLANG_CXX_LIBRARY = "libc++";
				CLANG_ENABLE_MODULES = YES;
				CLANG_ENABLE_OBJC_ARC = YES;
				CLANG_WARN_BOOL_CONVERSION = YES;
				CLANG_WARN_CONSTANT_CONVERSION = YES;
				CLANG_WARN_DIRECT_OBJC_ISA_USAGE = YES_ERROR;
				CLANG_WARN_EMPTY_BODY = YES;
				CLANG_WARN_ENUM_CONVERSION = YES;
				CLANG_WARN_INT_CONVERSION = YES;
				CLANG_WARN_OBJC_ROOT_CLASS = YES_ERROR;
				CLANG_WARN_UNREACHABLE_CODE = YES;
				CLANG_WARN__DUPLICATE_METHOD_MATCH = YES;
				"CODE_SIGN_IDENTITY[sdk=iphoneos*]" = "iPhone Developer";
				COPY_PHASE_STRIP = NO;
				DEBUG_INFORMATION_FORMAT = "dwarf-with-dsym";
				ENABLE_STRICT_OBJC_MSGSEND = YES;
				GCC_C_LANGUAGE_STANDARD = gnu99;
				GCC_DYNAMIC_NO_PIC = NO;
				GCC_NO_COMMON_BLOCKS = YES;
				GCC_OPTIMIZATION_LEVEL = 0;
				GCC_PREPROCESSOR_DEFINITIONS = (
					"DEBUG=1",
					"$(inherited)",
				);
				GCC_SYMBOLS_PRIVATE_EXTERN = NO;
				GCC_WARN_64_TO_32_BIT_CONVERSION = YES;
				GCC_WARN_ABOUT_RETURN_TYPE = YES_ERROR;
				GCC_WARN_UNDECLARED_SELECTOR = YES;
				GCC_WARN_UNINITIALIZED_AUTOS = YES_AGGRESSIVE;
				GCC_WARN_UNUSED_FUNCTION = YES;
				GCC_WARN_UNUSED_VARIABLE = YES;
				IPHONEOS_DEPLOYMENT_TARGET = 8.3;
				MTL_ENABLE_DEBUG_INFO = YES;
				ONLY_ACTIVE_ARCH = YES;
				SDKROOT = iphoneos;
				SWIFT_OPTIMIZATION_LEVEL = "-Onone";
			};
			name = Debug;
		};
		3C4D19381AE0D6C100613CAB /* Release */ = {
			isa = XCBuildConfiguration;
			buildSettings = {
				ALWAYS_SEARCH_USER_PATHS = NO;
				CLANG_CXX_LANGUAGE_STANDARD = "gnu++0x";
				CLANG_CXX_LIBRARY = "libc++";
				CLANG_ENABLE_MODULES = YES;
				CLANG_ENABLE_OBJC_ARC = YES;
				CLANG_WARN_BOOL_CONVERSION = YES;
				CLANG_WARN_CONSTANT_CONVERSION = YES;
				CLANG_WARN_DIRECT_OBJC_ISA_USAGE = YES_ERROR;
				CLANG_WARN_EMPTY_BODY = YES;
				CLANG_WARN_ENUM_CONVERSION = YES;
				CLANG_WARN_INT_CONVERSION = YES;
				CLANG_WARN_OBJC_ROOT_CLASS = YES_ERROR;
				CLANG_WARN_UNREACHABLE_CODE = YES;
				CLANG_WARN__DUPLICATE_METHOD_MATCH = YES;
				"CODE_SIGN_IDENTITY[sdk=iphoneos*]" = "iPhone Developer";
				COPY_PHASE_STRIP = NO;
				DEBUG_INFORMATION_FORMAT = "dwarf-with-dsym";
				ENABLE_NS_ASSERTIONS = NO;
				ENABLE_STRICT_OBJC_MSGSEND = YES;
				GCC_C_LANGUAGE_STANDARD = gnu99;
				GCC_NO_COMMON_BLOCKS = YES;
				GCC_WARN_64_TO_32_BIT_CONVERSION = YES;
				GCC_WARN_ABOUT_RETURN_TYPE = YES_ERROR;
				GCC_WARN_UNDECLARED_SELECTOR = YES;
				GCC_WARN_UNINITIALIZED_AUTOS = YES_AGGRESSIVE;
				GCC_WARN_UNUSED_FUNCTION = YES;
				GCC_WARN_UNUSED_VARIABLE = YES;
				IPHONEOS_DEPLOYMENT_TARGET = 8.3;
				MTL_ENABLE_DEBUG_INFO = NO;
				SDKROOT = iphoneos;
				VALIDATE_PRODUCT = YES;
			};
			name = Release;
		};
		3C4D193A1AE0D6C100613CAB /* Debug */ = {
			isa = XCBuildConfiguration;
			buildSettings = {
				ASSETCATALOG_COMPILER_APPICON_NAME = AppIcon;
				CLANG_ENABLE_MODULES = YES;
				FRAMEWORK_SEARCH_PATHS = (
					"$(inherited)",
					"$(PROJECT_DIR)",
					"$(PROJECT_DIR)/PicQurate",
				);
				INFOPLIST_FILE = PicQurate/Info.plist;
				LD_RUNPATH_SEARCH_PATHS = "$(inherited) @executable_path/Frameworks";
				OTHER_LDFLAGS = "";
				PRODUCT_NAME = "$(TARGET_NAME)";
				SWIFT_OBJC_BRIDGING_HEADER = "PicQurate/PicQurate-Bridging-Header.h";
				SWIFT_OPTIMIZATION_LEVEL = "-Onone";
			};
			name = Debug;
		};
		3C4D193B1AE0D6C100613CAB /* Release */ = {
			isa = XCBuildConfiguration;
			buildSettings = {
				ASSETCATALOG_COMPILER_APPICON_NAME = AppIcon;
				CLANG_ENABLE_MODULES = YES;
				FRAMEWORK_SEARCH_PATHS = (
					"$(inherited)",
					"$(PROJECT_DIR)",
					"$(PROJECT_DIR)/PicQurate",
				);
				INFOPLIST_FILE = PicQurate/Info.plist;
				LD_RUNPATH_SEARCH_PATHS = "$(inherited) @executable_path/Frameworks";
				OTHER_LDFLAGS = "";
				PRODUCT_NAME = "$(TARGET_NAME)";
				SWIFT_OBJC_BRIDGING_HEADER = "PicQurate/PicQurate-Bridging-Header.h";
			};
			name = Release;
		};
		3C4D193D1AE0D6C100613CAB /* Debug */ = {
			isa = XCBuildConfiguration;
			buildSettings = {
				BUNDLE_LOADER = "$(TEST_HOST)";
				FRAMEWORK_SEARCH_PATHS = (
					"$(SDKROOT)/Developer/Library/Frameworks",
					"$(inherited)",
				);
				GCC_PREPROCESSOR_DEFINITIONS = (
					"DEBUG=1",
					"$(inherited)",
				);
				INFOPLIST_FILE = PicQurateTests/Info.plist;
				LD_RUNPATH_SEARCH_PATHS = "$(inherited) @executable_path/Frameworks @loader_path/Frameworks";
				PRODUCT_NAME = "$(TARGET_NAME)";
				TEST_HOST = "$(BUILT_PRODUCTS_DIR)/PicQurate.app/PicQurate";
			};
			name = Debug;
		};
		3C4D193E1AE0D6C100613CAB /* Release */ = {
			isa = XCBuildConfiguration;
			buildSettings = {
				BUNDLE_LOADER = "$(TEST_HOST)";
				FRAMEWORK_SEARCH_PATHS = (
					"$(SDKROOT)/Developer/Library/Frameworks",
					"$(inherited)",
				);
				INFOPLIST_FILE = PicQurateTests/Info.plist;
				LD_RUNPATH_SEARCH_PATHS = "$(inherited) @executable_path/Frameworks @loader_path/Frameworks";
				PRODUCT_NAME = "$(TARGET_NAME)";
				TEST_HOST = "$(BUILT_PRODUCTS_DIR)/PicQurate.app/PicQurate";
			};
			name = Release;
		};
/* End XCBuildConfiguration section */

/* Begin XCConfigurationList section */
		3C4D19151AE0D6C100613CAB /* Build configuration list for PBXProject "PicQurate" */ = {
			isa = XCConfigurationList;
			buildConfigurations = (
				3C4D19371AE0D6C100613CAB /* Debug */,
				3C4D19381AE0D6C100613CAB /* Release */,
			);
			defaultConfigurationIsVisible = 0;
			defaultConfigurationName = Release;
		};
		3C4D19391AE0D6C100613CAB /* Build configuration list for PBXNativeTarget "PicQurate" */ = {
			isa = XCConfigurationList;
			buildConfigurations = (
				3C4D193A1AE0D6C100613CAB /* Debug */,
				3C4D193B1AE0D6C100613CAB /* Release */,
			);
			defaultConfigurationIsVisible = 0;
			defaultConfigurationName = Release;
		};
		3C4D193C1AE0D6C100613CAB /* Build configuration list for PBXNativeTarget "PicQurateTests" */ = {
			isa = XCConfigurationList;
			buildConfigurations = (
				3C4D193D1AE0D6C100613CAB /* Debug */,
				3C4D193E1AE0D6C100613CAB /* Release */,
			);
			defaultConfigurationIsVisible = 0;
			defaultConfigurationName = Release;
		};
/* End XCConfigurationList section */
	};
	rootObject = 3C4D19121AE0D6C100613CAB /* Project object */;
}
